// !$*UTF8*$!
{
	archiveVersion = 1;
	classes = {
	};
	objectVersion = 46;
	objects = {

/* Begin PBXBuildFile section */
		143B87E6838C2B51A889FBBE /* Pods_DemoMVVM.framework in Frameworks */ = {isa = PBXBuildFile; fileRef = 28A6BE0C464FC54DBEC81217 /* Pods_DemoMVVM.framework */; };
		2819A0521E23745900719043 /* main.m in Sources */ = {isa = PBXBuildFile; fileRef = 2819A0511E23745900719043 /* main.m */; };
		2819A0551E23745900719043 /* AppDelegate.m in Sources */ = {isa = PBXBuildFile; fileRef = 2819A0541E23745900719043 /* AppDelegate.m */; };
		2819A0581E23745900719043 /* ViewController.m in Sources */ = {isa = PBXBuildFile; fileRef = 2819A0571E23745900719043 /* ViewController.m */; };
		2819A05B1E23745900719043 /* Main.storyboard in Resources */ = {isa = PBXBuildFile; fileRef = 2819A0591E23745900719043 /* Main.storyboard */; };
		2819A05D1E23745900719043 /* Assets.xcassets in Resources */ = {isa = PBXBuildFile; fileRef = 2819A05C1E23745900719043 /* Assets.xcassets */; };
		2819A0601E23745900719043 /* LaunchScreen.storyboard in Resources */ = {isa = PBXBuildFile; fileRef = 2819A05E1E23745900719043 /* LaunchScreen.storyboard */; };
		2819A0681E237C5B00719043 /* v2panda.png in Resources */ = {isa = PBXBuildFile; fileRef = 2819A0671E237C5B00719043 /* v2panda.png */; };
		2819A06B1E237E9C00719043 /* LoginViewModel.m in Sources */ = {isa = PBXBuildFile; fileRef = 2819A06A1E237E9C00719043 /* LoginViewModel.m */; };
		2819A0701E237ECF00719043 /* Account.m in Sources */ = {isa = PBXBuildFile; fileRef = 2819A06F1E237ECF00719043 /* Account.m */; };
		28DC2D5F1E2474FF00848337 /* DBViewController.m in Sources */ = {isa = PBXBuildFile; fileRef = 28DC2D5E1E2474FF00848337 /* DBViewController.m */; };
		28DC2D621E24752800848337 /* RequestViewModel.m in Sources */ = {isa = PBXBuildFile; fileRef = 28DC2D611E24752800848337 /* RequestViewModel.m */; };
		28DC2D661E24785B00848337 /* MBProgressHUD+Helper.m in Sources */ = {isa = PBXBuildFile; fileRef = 28DC2D651E24785B00848337 /* MBProgressHUD+Helper.m */; };
		28DC2D691E2482FE00848337 /* Book.m in Sources */ = {isa = PBXBuildFile; fileRef = 28DC2D681E2482FE00848337 /* Book.m */; };
		28DC2D721E24A89F00848337 /* main.m in Sources */ = {isa = PBXBuildFile; fileRef = 28DC2D711E24A89F00848337 /* main.m */; };
		28DC2D751E24A89F00848337 /* AppDelegate.m in Sources */ = {isa = PBXBuildFile; fileRef = 28DC2D741E24A89F00848337 /* AppDelegate.m */; };
		28DC2D781E24A89F00848337 /* ViewController.m in Sources */ = {isa = PBXBuildFile; fileRef = 28DC2D771E24A89F00848337 /* ViewController.m */; };
		28DC2D7B1E24A89F00848337 /* Main.storyboard in Resources */ = {isa = PBXBuildFile; fileRef = 28DC2D791E24A89F00848337 /* Main.storyboard */; };
		28DC2D7D1E24A89F00848337 /* Assets.xcassets in Resources */ = {isa = PBXBuildFile; fileRef = 28DC2D7C1E24A89F00848337 /* Assets.xcassets */; };
		28DC2D801E24A89F00848337 /* LaunchScreen.storyboard in Resources */ = {isa = PBXBuildFile; fileRef = 28DC2D7E1E24A89F00848337 /* LaunchScreen.storyboard */; };
		28DC2D8A1E24AD1600848337 /* PostListViewController.m in Sources */ = {isa = PBXBuildFile; fileRef = 28DC2D891E24AD1600848337 /* PostListViewController.m */; };
		28DC2D8D1E24AD6E00848337 /* BlogListViewModel.m in Sources */ = {isa = PBXBuildFile; fileRef = 28DC2D8C1E24AD6E00848337 /* BlogListViewModel.m */; };
		28DC2D901E24B7FF00848337 /* ArticleModel.m in Sources */ = {isa = PBXBuildFile; fileRef = 28DC2D8F1E24B7FF00848337 /* ArticleModel.m */; };
		28DC2D931E24B8DB00848337 /* BlogListItemViewModel.m in Sources */ = {isa = PBXBuildFile; fileRef = 28DC2D921E24B8DB00848337 /* BlogListItemViewModel.m */; };
		BA67D96D5032CBA4D8486269 /* Pods_BlogMVVM.framework in Frameworks */ = {isa = PBXBuildFile; fileRef = B82D69327A0B874DFC344249 /* Pods_BlogMVVM.framework */; };
/* End PBXBuildFile section */

/* Begin PBXFileReference section */
		2819A04D1E23745800719043 /* DemoMVVM.app */ = {isa = PBXFileReference; explicitFileType = wrapper.application; includeInIndex = 0; path = DemoMVVM.app; sourceTree = BUILT_PRODUCTS_DIR; };
		2819A0511E23745900719043 /* main.m */ = {isa = PBXFileReference; lastKnownFileType = sourcecode.c.objc; path = main.m; sourceTree = "<group>"; };
		2819A0531E23745900719043 /* AppDelegate.h */ = {isa = PBXFileReference; lastKnownFileType = sourcecode.c.h; path = AppDelegate.h; sourceTree = "<group>"; };
		2819A0541E23745900719043 /* AppDelegate.m */ = {isa = PBXFileReference; lastKnownFileType = sourcecode.c.objc; path = AppDelegate.m; sourceTree = "<group>"; };
		2819A0561E23745900719043 /* ViewController.h */ = {isa = PBXFileReference; lastKnownFileType = sourcecode.c.h; path = ViewController.h; sourceTree = "<group>"; };
		2819A0571E23745900719043 /* ViewController.m */ = {isa = PBXFileReference; lastKnownFileType = sourcecode.c.objc; path = ViewController.m; sourceTree = "<group>"; };
		2819A05A1E23745900719043 /* Base */ = {isa = PBXFileReference; lastKnownFileType = file.storyboard; name = Base; path = Base.lproj/Main.storyboard; sourceTree = "<group>"; };
		2819A05C1E23745900719043 /* Assets.xcassets */ = {isa = PBXFileReference; lastKnownFileType = folder.assetcatalog; path = Assets.xcassets; sourceTree = "<group>"; };
		2819A05F1E23745900719043 /* Base */ = {isa = PBXFileReference; lastKnownFileType = file.storyboard; name = Base; path = Base.lproj/LaunchScreen.storyboard; sourceTree = "<group>"; };
		2819A0611E23745900719043 /* Info.plist */ = {isa = PBXFileReference; lastKnownFileType = text.plist.xml; path = Info.plist; sourceTree = "<group>"; };
		2819A0671E237C5B00719043 /* v2panda.png */ = {isa = PBXFileReference; lastKnownFileType = image.png; path = v2panda.png; sourceTree = "<group>"; };
		2819A0691E237E9C00719043 /* LoginViewModel.h */ = {isa = PBXFileReference; fileEncoding = 4; lastKnownFileType = sourcecode.c.h; path = LoginViewModel.h; sourceTree = "<group>"; };
		2819A06A1E237E9C00719043 /* LoginViewModel.m */ = {isa = PBXFileReference; fileEncoding = 4; lastKnownFileType = sourcecode.c.objc; path = LoginViewModel.m; sourceTree = "<group>"; };
		2819A06E1E237ECF00719043 /* Account.h */ = {isa = PBXFileReference; fileEncoding = 4; lastKnownFileType = sourcecode.c.h; path = Account.h; sourceTree = "<group>"; };
		2819A06F1E237ECF00719043 /* Account.m */ = {isa = PBXFileReference; fileEncoding = 4; lastKnownFileType = sourcecode.c.objc; path = Account.m; sourceTree = "<group>"; };
		2819A0711E237F6600719043 /* Header.pch */ = {isa = PBXFileReference; lastKnownFileType = sourcecode.c.h; path = Header.pch; sourceTree = "<group>"; };
		28A6BE0C464FC54DBEC81217 /* Pods_DemoMVVM.framework */ = {isa = PBXFileReference; explicitFileType = wrapper.framework; includeInIndex = 0; path = Pods_DemoMVVM.framework; sourceTree = BUILT_PRODUCTS_DIR; };
		28DC2D5D1E2474FF00848337 /* DBViewController.h */ = {isa = PBXFileReference; fileEncoding = 4; lastKnownFileType = sourcecode.c.h; path = DBViewController.h; sourceTree = "<group>"; };
		28DC2D5E1E2474FF00848337 /* DBViewController.m */ = {isa = PBXFileReference; fileEncoding = 4; lastKnownFileType = sourcecode.c.objc; path = DBViewController.m; sourceTree = "<group>"; };
		28DC2D601E24752800848337 /* RequestViewModel.h */ = {isa = PBXFileReference; fileEncoding = 4; lastKnownFileType = sourcecode.c.h; path = RequestViewModel.h; sourceTree = "<group>"; };
		28DC2D611E24752800848337 /* RequestViewModel.m */ = {isa = PBXFileReference; fileEncoding = 4; lastKnownFileType = sourcecode.c.objc; path = RequestViewModel.m; sourceTree = "<group>"; };
		28DC2D641E24785B00848337 /* MBProgressHUD+Helper.h */ = {isa = PBXFileReference; fileEncoding = 4; lastKnownFileType = sourcecode.c.h; path = "MBProgressHUD+Helper.h"; sourceTree = "<group>"; };
		28DC2D651E24785B00848337 /* MBProgressHUD+Helper.m */ = {isa = PBXFileReference; fileEncoding = 4; lastKnownFileType = sourcecode.c.objc; path = "MBProgressHUD+Helper.m"; sourceTree = "<group>"; };
		28DC2D671E2482FE00848337 /* Book.h */ = {isa = PBXFileReference; fileEncoding = 4; lastKnownFileType = sourcecode.c.h; path = Book.h; sourceTree = "<group>"; };
		28DC2D681E2482FE00848337 /* Book.m */ = {isa = PBXFileReference; fileEncoding = 4; lastKnownFileType = sourcecode.c.objc; path = Book.m; sourceTree = "<group>"; };
		28DC2D6E1E24A89E00848337 /* BlogMVVM.app */ = {isa = PBXFileReference; explicitFileType = wrapper.application; includeInIndex = 0; path = BlogMVVM.app; sourceTree = BUILT_PRODUCTS_DIR; };
		28DC2D711E24A89F00848337 /* main.m */ = {isa = PBXFileReference; lastKnownFileType = sourcecode.c.objc; path = main.m; sourceTree = "<group>"; };
		28DC2D731E24A89F00848337 /* AppDelegate.h */ = {isa = PBXFileReference; lastKnownFileType = sourcecode.c.h; path = AppDelegate.h; sourceTree = "<group>"; };
		28DC2D741E24A89F00848337 /* AppDelegate.m */ = {isa = PBXFileReference; lastKnownFileType = sourcecode.c.objc; path = AppDelegate.m; sourceTree = "<group>"; };
		28DC2D761E24A89F00848337 /* ViewController.h */ = {isa = PBXFileReference; lastKnownFileType = sourcecode.c.h; path = ViewController.h; sourceTree = "<group>"; };
		28DC2D771E24A89F00848337 /* ViewController.m */ = {isa = PBXFileReference; lastKnownFileType = sourcecode.c.objc; path = ViewController.m; sourceTree = "<group>"; };
		28DC2D7A1E24A89F00848337 /* Base */ = {isa = PBXFileReference; lastKnownFileType = file.storyboard; name = Base; path = Base.lproj/Main.storyboard; sourceTree = "<group>"; };
		28DC2D7C1E24A89F00848337 /* Assets.xcassets */ = {isa = PBXFileReference; lastKnownFileType = folder.assetcatalog; path = Assets.xcassets; sourceTree = "<group>"; };
		28DC2D7F1E24A89F00848337 /* Base */ = {isa = PBXFileReference; lastKnownFileType = file.storyboard; name = Base; path = Base.lproj/LaunchScreen.storyboard; sourceTree = "<group>"; };
		28DC2D811E24A89F00848337 /* Info.plist */ = {isa = PBXFileReference; lastKnownFileType = text.plist.xml; path = Info.plist; sourceTree = "<group>"; };
		28DC2D851E24A8CB00848337 /* Header.pch */ = {isa = PBXFileReference; lastKnownFileType = sourcecode.c.h; path = Header.pch; sourceTree = "<group>"; };
		28DC2D881E24AD1600848337 /* PostListViewController.h */ = {isa = PBXFileReference; fileEncoding = 4; lastKnownFileType = sourcecode.c.h; path = PostListViewController.h; sourceTree = "<group>"; };
		28DC2D891E24AD1600848337 /* PostListViewController.m */ = {isa = PBXFileReference; fileEncoding = 4; lastKnownFileType = sourcecode.c.objc; path = PostListViewController.m; sourceTree = "<group>"; };
		28DC2D8B1E24AD6E00848337 /* BlogListViewModel.h */ = {isa = PBXFileReference; fileEncoding = 4; lastKnownFileType = sourcecode.c.h; path = BlogListViewModel.h; sourceTree = "<group>"; };
		28DC2D8C1E24AD6E00848337 /* BlogListViewModel.m */ = {isa = PBXFileReference; fileEncoding = 4; lastKnownFileType = sourcecode.c.objc; path = BlogListViewModel.m; sourceTree = "<group>"; };
		28DC2D8E1E24B7FF00848337 /* ArticleModel.h */ = {isa = PBXFileReference; fileEncoding = 4; lastKnownFileType = sourcecode.c.h; path = ArticleModel.h; sourceTree = "<group>"; };
		28DC2D8F1E24B7FF00848337 /* ArticleModel.m */ = {isa = PBXFileReference; fileEncoding = 4; lastKnownFileType = sourcecode.c.objc; path = ArticleModel.m; sourceTree = "<group>"; };
		28DC2D911E24B8DB00848337 /* BlogListItemViewModel.h */ = {isa = PBXFileReference; fileEncoding = 4; lastKnownFileType = sourcecode.c.h; path = BlogListItemViewModel.h; sourceTree = "<group>"; };
		28DC2D921E24B8DB00848337 /* BlogListItemViewModel.m */ = {isa = PBXFileReference; fileEncoding = 4; lastKnownFileType = sourcecode.c.objc; path = BlogListItemViewModel.m; sourceTree = "<group>"; };
		2DBB70316BC140D4C0E892A1 /* Pods-DemoMVVM.release.xcconfig */ = {isa = PBXFileReference; includeInIndex = 1; lastKnownFileType = text.xcconfig; name = "Pods-DemoMVVM.release.xcconfig"; path = "Pods/Target Support Files/Pods-DemoMVVM/Pods-DemoMVVM.release.xcconfig"; sourceTree = "<group>"; };
		76F91B0C99A2E431A3E96262 /* Pods-BlogMVVM.debug.xcconfig */ = {isa = PBXFileReference; includeInIndex = 1; lastKnownFileType = text.xcconfig; name = "Pods-BlogMVVM.debug.xcconfig"; path = "Pods/Target Support Files/Pods-BlogMVVM/Pods-BlogMVVM.debug.xcconfig"; sourceTree = "<group>"; };
		78386367692E7ECE1091FED0 /* Pods-DemoMVVM.debug.xcconfig */ = {isa = PBXFileReference; includeInIndex = 1; lastKnownFileType = text.xcconfig; name = "Pods-DemoMVVM.debug.xcconfig"; path = "Pods/Target Support Files/Pods-DemoMVVM/Pods-DemoMVVM.debug.xcconfig"; sourceTree = "<group>"; };
		B82D69327A0B874DFC344249 /* Pods_BlogMVVM.framework */ = {isa = PBXFileReference; explicitFileType = wrapper.framework; includeInIndex = 0; path = Pods_BlogMVVM.framework; sourceTree = BUILT_PRODUCTS_DIR; };
		C773CA3999DBA17F817EC135 /* Pods-BlogMVVM.release.xcconfig */ = {isa = PBXFileReference; includeInIndex = 1; lastKnownFileType = text.xcconfig; name = "Pods-BlogMVVM.release.xcconfig"; path = "Pods/Target Support Files/Pods-BlogMVVM/Pods-BlogMVVM.release.xcconfig"; sourceTree = "<group>"; };
/* End PBXFileReference section */

/* Begin PBXFrameworksBuildPhase section */
		2819A04A1E23745800719043 /* Frameworks */ = {
			isa = PBXFrameworksBuildPhase;
			buildActionMask = 2147483647;
			files = (
				143B87E6838C2B51A889FBBE /* Pods_DemoMVVM.framework in Frameworks */,
			);
			runOnlyForDeploymentPostprocessing = 0;
		};
		28DC2D6B1E24A89E00848337 /* Frameworks */ = {
			isa = PBXFrameworksBuildPhase;
			buildActionMask = 2147483647;
			files = (
				BA67D96D5032CBA4D8486269 /* Pods_BlogMVVM.framework in Frameworks */,
			);
			runOnlyForDeploymentPostprocessing = 0;
		};
/* End PBXFrameworksBuildPhase section */

/* Begin PBXGroup section */
		1876E9DA53FCA3E8381F1FD2 /* Pods */ = {
			isa = PBXGroup;
			children = (
				78386367692E7ECE1091FED0 /* Pods-DemoMVVM.debug.xcconfig */,
				2DBB70316BC140D4C0E892A1 /* Pods-DemoMVVM.release.xcconfig */,
				76F91B0C99A2E431A3E96262 /* Pods-BlogMVVM.debug.xcconfig */,
				C773CA3999DBA17F817EC135 /* Pods-BlogMVVM.release.xcconfig */,
			);
			name = Pods;
			sourceTree = "<group>";
		};
		2819A0441E23745700719043 = {
			isa = PBXGroup;
			children = (
				2819A04F1E23745900719043 /* DemoMVVM */,
				28DC2D6F1E24A89F00848337 /* BlogMVVM */,
				2819A04E1E23745800719043 /* Products */,
				1876E9DA53FCA3E8381F1FD2 /* Pods */,
				D2CDF50C8148F6B0A6AAE41C /* Frameworks */,
			);
			sourceTree = "<group>";
		};
		2819A04E1E23745800719043 /* Products */ = {
			isa = PBXGroup;
			children = (
				2819A04D1E23745800719043 /* DemoMVVM.app */,
				28DC2D6E1E24A89E00848337 /* BlogMVVM.app */,
			);
			name = Products;
			sourceTree = "<group>";
		};
		2819A04F1E23745900719043 /* DemoMVVM */ = {
			isa = PBXGroup;
			children = (
				2819A0531E23745900719043 /* AppDelegate.h */,
				2819A0541E23745900719043 /* AppDelegate.m */,
				2819A0561E23745900719043 /* ViewController.h */,
				2819A0571E23745900719043 /* ViewController.m */,
				28DC2D5D1E2474FF00848337 /* DBViewController.h */,
				28DC2D5E1E2474FF00848337 /* DBViewController.m */,
				2819A06C1E237EB400719043 /* ViewModels */,
				2819A06D1E237EBE00719043 /* Models */,
				28DC2D631E24783200848337 /* Helpers */,
				2819A0501E23745900719043 /* Supporting Files */,
			);
			path = DemoMVVM;
			sourceTree = "<group>";
		};
		2819A0501E23745900719043 /* Supporting Files */ = {
			isa = PBXGroup;
			children = (
				2819A0671E237C5B00719043 /* v2panda.png */,
				2819A0711E237F6600719043 /* Header.pch */,
				2819A0591E23745900719043 /* Main.storyboard */,
				2819A05C1E23745900719043 /* Assets.xcassets */,
				2819A05E1E23745900719043 /* LaunchScreen.storyboard */,
				2819A0611E23745900719043 /* Info.plist */,
				2819A0511E23745900719043 /* main.m */,
			);
			name = "Supporting Files";
			sourceTree = "<group>";
		};
		2819A06C1E237EB400719043 /* ViewModels */ = {
			isa = PBXGroup;
			children = (
				2819A0691E237E9C00719043 /* LoginViewModel.h */,
				2819A06A1E237E9C00719043 /* LoginViewModel.m */,
				28DC2D601E24752800848337 /* RequestViewModel.h */,
				28DC2D611E24752800848337 /* RequestViewModel.m */,
			);
			name = ViewModels;
			sourceTree = "<group>";
		};
		2819A06D1E237EBE00719043 /* Models */ = {
			isa = PBXGroup;
			children = (
				2819A06E1E237ECF00719043 /* Account.h */,
				2819A06F1E237ECF00719043 /* Account.m */,
				28DC2D671E2482FE00848337 /* Book.h */,
				28DC2D681E2482FE00848337 /* Book.m */,
			);
			name = Models;
			sourceTree = "<group>";
		};
		28DC2D631E24783200848337 /* Helpers */ = {
			isa = PBXGroup;
			children = (
				28DC2D641E24785B00848337 /* MBProgressHUD+Helper.h */,
				28DC2D651E24785B00848337 /* MBProgressHUD+Helper.m */,
			);
			name = Helpers;
			sourceTree = "<group>";
		};
		28DC2D6F1E24A89F00848337 /* BlogMVVM */ = {
			isa = PBXGroup;
			children = (
				28DC2D731E24A89F00848337 /* AppDelegate.h */,
				28DC2D741E24A89F00848337 /* AppDelegate.m */,
				28DC2D761E24A89F00848337 /* ViewController.h */,
				28DC2D771E24A89F00848337 /* ViewController.m */,
				28DC2D881E24AD1600848337 /* PostListViewController.h */,
				28DC2D891E24AD1600848337 /* PostListViewController.m */,
				28DC2D861E24A94000848337 /* ViewModels */,
				28DC2D871E24A94800848337 /* Models */,
				28DC2D701E24A89F00848337 /* Supporting Files */,
			);
			path = BlogMVVM;
			sourceTree = "<group>";
		};
		28DC2D701E24A89F00848337 /* Supporting Files */ = {
			isa = PBXGroup;
			children = (
				28DC2D791E24A89F00848337 /* Main.storyboard */,
				28DC2D7C1E24A89F00848337 /* Assets.xcassets */,
				28DC2D7E1E24A89F00848337 /* LaunchScreen.storyboard */,
				28DC2D811E24A89F00848337 /* Info.plist */,
				28DC2D711E24A89F00848337 /* main.m */,
				28DC2D851E24A8CB00848337 /* Header.pch */,
			);
			name = "Supporting Files";
			sourceTree = "<group>";
		};
		28DC2D861E24A94000848337 /* ViewModels */ = {
			isa = PBXGroup;
			children = (
				28DC2D8B1E24AD6E00848337 /* BlogListViewModel.h */,
				28DC2D8C1E24AD6E00848337 /* BlogListViewModel.m */,
				28DC2D911E24B8DB00848337 /* BlogListItemViewModel.h */,
				28DC2D921E24B8DB00848337 /* BlogListItemViewModel.m */,
			);
			name = ViewModels;
			sourceTree = "<group>";
		};
		28DC2D871E24A94800848337 /* Models */ = {
			isa = PBXGroup;
			children = (
				28DC2D8E1E24B7FF00848337 /* ArticleModel.h */,
				28DC2D8F1E24B7FF00848337 /* ArticleModel.m */,
			);
			name = Models;
			sourceTree = "<group>";
		};
		D2CDF50C8148F6B0A6AAE41C /* Frameworks */ = {
			isa = PBXGroup;
			children = (
				28A6BE0C464FC54DBEC81217 /* Pods_DemoMVVM.framework */,
				B82D69327A0B874DFC344249 /* Pods_BlogMVVM.framework */,
			);
			name = Frameworks;
			sourceTree = "<group>";
		};
/* End PBXGroup section */

/* Begin PBXNativeTarget section */
		2819A04C1E23745800719043 /* DemoMVVM */ = {
			isa = PBXNativeTarget;
			buildConfigurationList = 2819A0641E23745900719043 /* Build configuration list for PBXNativeTarget "DemoMVVM" */;
			buildPhases = (
				6569D5C62ACBDA636D57EE3F /* [CP] Check Pods Manifest.lock */,
				2819A0491E23745800719043 /* Sources */,
				2819A04A1E23745800719043 /* Frameworks */,
				2819A04B1E23745800719043 /* Resources */,
				84B50D41896B02F5A1EC28B3 /* [CP] Embed Pods Frameworks */,
				0A9DF06E6744D7A66F209DC1 /* [CP] Copy Pods Resources */,
			);
			buildRules = (
			);
			dependencies = (
			);
			name = DemoMVVM;
			productName = DemoMVVM;
			productReference = 2819A04D1E23745800719043 /* DemoMVVM.app */;
			productType = "com.apple.product-type.application";
		};
		28DC2D6D1E24A89E00848337 /* BlogMVVM */ = {
			isa = PBXNativeTarget;
			buildConfigurationList = 28DC2D821E24A89F00848337 /* Build configuration list for PBXNativeTarget "BlogMVVM" */;
			buildPhases = (
				D4594A9D74E26137A35ECCFC /* [CP] Check Pods Manifest.lock */,
				28DC2D6A1E24A89E00848337 /* Sources */,
				28DC2D6B1E24A89E00848337 /* Frameworks */,
				28DC2D6C1E24A89E00848337 /* Resources */,
				8D7D8A534031332C49679230 /* [CP] Embed Pods Frameworks */,
				1519F8A7083B16FF3B701360 /* [CP] Copy Pods Resources */,
			);
			buildRules = (
			);
			dependencies = (
			);
			name = BlogMVVM;
			productName = BlogMVVM;
			productReference = 28DC2D6E1E24A89E00848337 /* BlogMVVM.app */;
			productType = "com.apple.product-type.application";
		};
/* End PBXNativeTarget section */

/* Begin PBXProject section */
		2819A0451E23745700719043 /* Project object */ = {
			isa = PBXProject;
			attributes = {
				LastUpgradeCheck = 0730;
				ORGANIZATIONNAME = v2panda;
				TargetAttributes = {
					2819A04C1E23745800719043 = {
						CreatedOnToolsVersion = 7.3;
					};
					28DC2D6D1E24A89E00848337 = {
						CreatedOnToolsVersion = 7.3;
					};
				};
			};
			buildConfigurationList = 2819A0481E23745800719043 /* Build configuration list for PBXProject "DemoMVVM" */;
			compatibilityVersion = "Xcode 3.2";
			developmentRegion = English;
			hasScannedForEncodings = 0;
			knownRegions = (
				en,
				Base,
			);
			mainGroup = 2819A0441E23745700719043;
			productRefGroup = 2819A04E1E23745800719043 /* Products */;
			projectDirPath = "";
			projectRoot = "";
			targets = (
				2819A04C1E23745800719043 /* DemoMVVM */,
				28DC2D6D1E24A89E00848337 /* BlogMVVM */,
			);
		};
/* End PBXProject section */

/* Begin PBXResourcesBuildPhase section */
		2819A04B1E23745800719043 /* Resources */ = {
			isa = PBXResourcesBuildPhase;
			buildActionMask = 2147483647;
			files = (
				2819A0601E23745900719043 /* LaunchScreen.storyboard in Resources */,
				2819A05D1E23745900719043 /* Assets.xcassets in Resources */,
				2819A0681E237C5B00719043 /* v2panda.png in Resources */,
				2819A05B1E23745900719043 /* Main.storyboard in Resources */,
			);
			runOnlyForDeploymentPostprocessing = 0;
		};
		28DC2D6C1E24A89E00848337 /* Resources */ = {
			isa = PBXResourcesBuildPhase;
			buildActionMask = 2147483647;
			files = (
				28DC2D801E24A89F00848337 /* LaunchScreen.storyboard in Resources */,
				28DC2D7D1E24A89F00848337 /* Assets.xcassets in Resources */,
				28DC2D7B1E24A89F00848337 /* Main.storyboard in Resources */,
			);
			runOnlyForDeploymentPostprocessing = 0;
		};
/* End PBXResourcesBuildPhase section */

/* Begin PBXShellScriptBuildPhase section */
		0A9DF06E6744D7A66F209DC1 /* [CP] Copy Pods Resources */ = {
			isa = PBXShellScriptBuildPhase;
			buildActionMask = 2147483647;
			files = (
			);
			inputPaths = (
			);
			name = "[CP] Copy Pods Resources";
			outputPaths = (
			);
			runOnlyForDeploymentPostprocessing = 0;
			shellPath = /bin/sh;
			shellScript = "\"${SRCROOT}/Pods/Target Support Files/Pods-DemoMVVM/Pods-DemoMVVM-resources.sh\"\n";
			showEnvVarsInLog = 0;
		};
		1519F8A7083B16FF3B701360 /* [CP] Copy Pods Resources */ = {
			isa = PBXShellScriptBuildPhase;
			buildActionMask = 2147483647;
			files = (
			);
			inputPaths = (
			);
			name = "[CP] Copy Pods Resources";
			outputPaths = (
			);
			runOnlyForDeploymentPostprocessing = 0;
			shellPath = /bin/sh;
			shellScript = "\"${SRCROOT}/Pods/Target Support Files/Pods-BlogMVVM/Pods-BlogMVVM-resources.sh\"\n";
			showEnvVarsInLog = 0;
		};
		6569D5C62ACBDA636D57EE3F /* [CP] Check Pods Manifest.lock */ = {
			isa = PBXShellScriptBuildPhase;
			buildActionMask = 2147483647;
			files = (
			);
			inputPaths = (
			);
			name = "[CP] Check Pods Manifest.lock";
			outputPaths = (
			);
			runOnlyForDeploymentPostprocessing = 0;
			shellPath = /bin/sh;
			shellScript = "diff \"${PODS_ROOT}/../Podfile.lock\" \"${PODS_ROOT}/Manifest.lock\" > /dev/null\nif [[ $? != 0 ]] ; then\n    cat << EOM\nerror: The sandbox is not in sync with the Podfile.lock. Run 'pod install' or update your CocoaPods installation.\nEOM\n    exit 1\nfi\n";
			showEnvVarsInLog = 0;
		};
		84B50D41896B02F5A1EC28B3 /* [CP] Embed Pods Frameworks */ = {
			isa = PBXShellScriptBuildPhase;
			buildActionMask = 2147483647;
			files = (
			);
			inputPaths = (
			);
			name = "[CP] Embed Pods Frameworks";
			outputPaths = (
			);
			runOnlyForDeploymentPostprocessing = 0;
			shellPath = /bin/sh;
			shellScript = "\"${SRCROOT}/Pods/Target Support Files/Pods-DemoMVVM/Pods-DemoMVVM-frameworks.sh\"\n";
			showEnvVarsInLog = 0;
		};
		8D7D8A534031332C49679230 /* [CP] Embed Pods Frameworks */ = {
			isa = PBXShellScriptBuildPhase;
			buildActionMask = 2147483647;
			files = (
			);
			inputPaths = (
			);
			name = "[CP] Embed Pods Frameworks";
			outputPaths = (
			);
			runOnlyForDeploymentPostprocessing = 0;
			shellPath = /bin/sh;
			shellScript = "\"${SRCROOT}/Pods/Target Support Files/Pods-BlogMVVM/Pods-BlogMVVM-frameworks.sh\"\n";
			showEnvVarsInLog = 0;
		};
		D4594A9D74E26137A35ECCFC /* [CP] Check Pods Manifest.lock */ = {
			isa = PBXShellScriptBuildPhase;
			buildActionMask = 2147483647;
			files = (
			);
			inputPaths = (
			);
			name = "[CP] Check Pods Manifest.lock";
			outputPaths = (
			);
			runOnlyForDeploymentPostprocessing = 0;
			shellPath = /bin/sh;
			shellScript = "diff \"${PODS_ROOT}/../Podfile.lock\" \"${PODS_ROOT}/Manifest.lock\" > /dev/null\nif [[ $? != 0 ]] ; then\n    cat << EOM\nerror: The sandbox is not in sync with the Podfile.lock. Run 'pod install' or update your CocoaPods installation.\nEOM\n    exit 1\nfi\n";
			showEnvVarsInLog = 0;
		};
/* End PBXShellScriptBuildPhase section */

/* Begin PBXSourcesBuildPhase section */
		2819A0491E23745800719043 /* Sources */ = {
			isa = PBXSourcesBuildPhase;
			buildActionMask = 2147483647;
			files = (
				2819A06B1E237E9C00719043 /* LoginViewModel.m in Sources */,
				28DC2D691E2482FE00848337 /* Book.m in Sources */,
				28DC2D661E24785B00848337 /* MBProgressHUD+Helper.m in Sources */,
				2819A0581E23745900719043 /* ViewController.m in Sources */,
				2819A0551E23745900719043 /* AppDelegate.m in Sources */,
				2819A0701E237ECF00719043 /* Account.m in Sources */,
				28DC2D5F1E2474FF00848337 /* DBViewController.m in Sources */,
				2819A0521E23745900719043 /* main.m in Sources */,
				28DC2D621E24752800848337 /* RequestViewModel.m in Sources */,
			);
			runOnlyForDeploymentPostprocessing = 0;
		};
		28DC2D6A1E24A89E00848337 /* Sources */ = {
			isa = PBXSourcesBuildPhase;
			buildActionMask = 2147483647;
			files = (
				28DC2D8A1E24AD1600848337 /* PostListViewController.m in Sources */,
				28DC2D931E24B8DB00848337 /* BlogListItemViewModel.m in Sources */,
				28DC2D781E24A89F00848337 /* ViewController.m in Sources */,
				28DC2D901E24B7FF00848337 /* ArticleModel.m in Sources */,
				28DC2D751E24A89F00848337 /* AppDelegate.m in Sources */,
				28DC2D8D1E24AD6E00848337 /* BlogListViewModel.m in Sources */,
				28DC2D721E24A89F00848337 /* main.m in Sources */,
			);
			runOnlyForDeploymentPostprocessing = 0;
		};
/* End PBXSourcesBuildPhase section */

/* Begin PBXVariantGroup section */
		2819A0591E23745900719043 /* Main.storyboard */ = {
			isa = PBXVariantGroup;
			children = (
				2819A05A1E23745900719043 /* Base */,
			);
			name = Main.storyboard;
			sourceTree = "<group>";
		};
		2819A05E1E23745900719043 /* LaunchScreen.storyboard */ = {
			isa = PBXVariantGroup;
			children = (
				2819A05F1E23745900719043 /* Base */,
			);
			name = LaunchScreen.storyboard;
			sourceTree = "<group>";
		};
		28DC2D791E24A89F00848337 /* Main.storyboard */ = {
			isa = PBXVariantGroup;
			children = (
				28DC2D7A1E24A89F00848337 /* Base */,
			);
			name = Main.storyboard;
			sourceTree = "<group>";
		};
		28DC2D7E1E24A89F00848337 /* LaunchScreen.storyboard */ = {
			isa = PBXVariantGroup;
			children = (
				28DC2D7F1E24A89F00848337 /* Base */,
			);
			name = LaunchScreen.storyboard;
			sourceTree = "<group>";
		};
/* End PBXVariantGroup section */

/* Begin XCBuildConfiguration section */
		2819A0621E23745900719043 /* Debug */ = {
			isa = XCBuildConfiguration;
			buildSettings = {
				ALWAYS_SEARCH_USER_PATHS = NO;
				CLANG_ANALYZER_NONNULL = YES;
				CLANG_CXX_LANGUAGE_STANDARD = "gnu++0x";
				CLANG_CXX_LIBRARY = "libc++";
				CLANG_ENABLE_MODULES = YES;
				CLANG_ENABLE_OBJC_ARC = YES;
				CLANG_WARN_BOOL_CONVERSION = YES;
				CLANG_WARN_CONSTANT_CONVERSION = YES;
				CLANG_WARN_DIRECT_OBJC_ISA_USAGE = YES_ERROR;
				CLANG_WARN_EMPTY_BODY = YES;
				CLANG_WARN_ENUM_CONVERSION = YES;
				CLANG_WARN_INT_CONVERSION = YES;
				CLANG_WARN_OBJC_ROOT_CLASS = YES_ERROR;
				CLANG_WARN_UNREACHABLE_CODE = YES;
				CLANG_WARN__DUPLICATE_METHOD_MATCH = YES;
				"CODE_SIGN_IDENTITY[sdk=iphoneos*]" = "iPhone Developer";
				COPY_PHASE_STRIP = NO;
				DEBUG_INFORMATION_FORMAT = dwarf;
				ENABLE_STRICT_OBJC_MSGSEND = YES;
				ENABLE_TESTABILITY = YES;
				GCC_C_LANGUAGE_STANDARD = gnu99;
				GCC_DYNAMIC_NO_PIC = NO;
				GCC_NO_COMMON_BLOCKS = YES;
				GCC_OPTIMIZATION_LEVEL = 0;
				GCC_PREPROCESSOR_DEFINITIONS = (
					"DEBUG=1",
					"$(inherited)",
				);
				GCC_WARN_64_TO_32_BIT_CONVERSION = YES;
				GCC_WARN_ABOUT_RETURN_TYPE = YES_ERROR;
				GCC_WARN_UNDECLARED_SELECTOR = YES;
				GCC_WARN_UNINITIALIZED_AUTOS = YES_AGGRESSIVE;
				GCC_WARN_UNUSED_FUNCTION = YES;
				GCC_WARN_UNUSED_VARIABLE = YES;
				IPHONEOS_DEPLOYMENT_TARGET = 9.3;
				MTL_ENABLE_DEBUG_INFO = YES;
				ONLY_ACTIVE_ARCH = YES;
				SDKROOT = iphoneos;
				TARGETED_DEVICE_FAMILY = "1,2";
			};
			name = Debug;
		};
		2819A0631E23745900719043 /* Release */ = {
			isa = XCBuildConfiguration;
			buildSettings = {
				ALWAYS_SEARCH_USER_PATHS = NO;
				CLANG_ANALYZER_NONNULL = YES;
				CLANG_CXX_LANGUAGE_STANDARD = "gnu++0x";
				CLANG_CXX_LIBRARY = "libc++";
				CLANG_ENABLE_MODULES = YES;
				CLANG_ENABLE_OBJC_ARC = YES;
				CLANG_WARN_BOOL_CONVERSION = YES;
				CLANG_WARN_CONSTANT_CONVERSION = YES;
				CLANG_WARN_DIRECT_OBJC_ISA_USAGE = YES_ERROR;
				CLANG_WARN_EMPTY_BODY = YES;
				CLANG_WARN_ENUM_CONVERSION = YES;
				CLANG_WARN_INT_CONVERSION = YES;
				CLANG_WARN_OBJC_ROOT_CLASS = YES_ERROR;
				CLANG_WARN_UNREACHABLE_CODE = YES;
				CLANG_WARN__DUPLICATE_METHOD_MATCH = YES;
				"CODE_SIGN_IDENTITY[sdk=iphoneos*]" = "iPhone Developer";
				COPY_PHASE_STRIP = NO;
				DEBUG_INFORMATION_FORMAT = "dwarf-with-dsym";
				ENABLE_NS_ASSERTIONS = NO;
				ENABLE_STRICT_OBJC_MSGSEND = YES;
				GCC_C_LANGUAGE_STANDARD = gnu99;
				GCC_NO_COMMON_BLOCKS = YES;
				GCC_WARN_64_TO_32_BIT_CONVERSION = YES;
				GCC_WARN_ABOUT_RETURN_TYPE = YES_ERROR;
				GCC_WARN_UNDECLARED_SELECTOR = YES;
				GCC_WARN_UNINITIALIZED_AUTOS = YES_AGGRESSIVE;
				GCC_WARN_UNUSED_FUNCTION = YES;
				GCC_WARN_UNUSED_VARIABLE = YES;
				IPHONEOS_DEPLOYMENT_TARGET = 9.3;
				MTL_ENABLE_DEBUG_INFO = NO;
				SDKROOT = iphoneos;
				TARGETED_DEVICE_FAMILY = "1,2";
				VALIDATE_PRODUCT = YES;
			};
			name = Release;
		};
		2819A0651E23745900719043 /* Debug */ = {
			isa = XCBuildConfiguration;
			baseConfigurationReference = 78386367692E7ECE1091FED0 /* Pods-DemoMVVM.debug.xcconfig */;
			buildSettings = {
				ASSETCATALOG_COMPILER_APPICON_NAME = AppIcon;
				GCC_PREFIX_HEADER = "$(SRCROOT)/DemoMVVM/Header.pch";
				INFOPLIST_FILE = DemoMVVM/Info.plist;
				LD_RUNPATH_SEARCH_PATHS = "$(inherited) @executable_path/Frameworks";
				PRODUCT_BUNDLE_IDENTIFIER = RH.DemoMVVM;
				PRODUCT_NAME = "$(TARGET_NAME)";
			};
			name = Debug;
		};
		2819A0661E23745900719043 /* Release */ = {
			isa = XCBuildConfiguration;
			baseConfigurationReference = 2DBB70316BC140D4C0E892A1 /* Pods-DemoMVVM.release.xcconfig */;
			buildSettings = {
				ASSETCATALOG_COMPILER_APPICON_NAME = AppIcon;
				GCC_PREFIX_HEADER = "$(SRCROOT)/DemoMVVM/Header.pch";
				INFOPLIST_FILE = DemoMVVM/Info.plist;
				LD_RUNPATH_SEARCH_PATHS = "$(inherited) @executable_path/Frameworks";
				PRODUCT_BUNDLE_IDENTIFIER = RH.DemoMVVM;
				PRODUCT_NAME = "$(TARGET_NAME)";
			};
			name = Release;
		};
		28DC2D831E24A89F00848337 /* Debug */ = {
			isa = XCBuildConfiguration;
			baseConfigurationReference = 76F91B0C99A2E431A3E96262 /* Pods-BlogMVVM.debug.xcconfig */;
			buildSettings = {
				ASSETCATALOG_COMPILER_APPICON_NAME = AppIcon;
				GCC_PREFIX_HEADER = "$(SRCROOT)/BlogMVVM/Header.pch";
				INFOPLIST_FILE = BlogMVVM/Info.plist;
				LD_RUNPATH_SEARCH_PATHS = "$(inherited) @executable_path/Frameworks";
				PRODUCT_BUNDLE_IDENTIFIER = RH.BlogMVVM;
				PRODUCT_NAME = "$(TARGET_NAME)";
			};
			name = Debug;
		};
		28DC2D841E24A89F00848337 /* Release */ = {
			isa = XCBuildConfiguration;
			baseConfigurationReference = C773CA3999DBA17F817EC135 /* Pods-BlogMVVM.release.xcconfig */;
			buildSettings = {
				ASSETCATALOG_COMPILER_APPICON_NAME = AppIcon;
				GCC_PREFIX_HEADER = "$(SRCROOT)/BlogMVVM/Header.pch";
				INFOPLIST_FILE = BlogMVVM/Info.plist;
				LD_RUNPATH_SEARCH_PATHS = "$(inherited) @executable_path/Frameworks";
				PRODUCT_BUNDLE_IDENTIFIER = RH.BlogMVVM;
				PRODUCT_NAME = "$(TARGET_NAME)";
			};
			name = Release;
		};
/* End XCBuildConfiguration section */

/* Begin XCConfigurationList section */
		2819A0481E23745800719043 /* Build configuration list for PBXProject "DemoMVVM" */ = {
			isa = XCConfigurationList;
			buildConfigurations = (
				2819A0621E23745900719043 /* Debug */,
				2819A0631E23745900719043 /* Release */,
			);
			defaultConfigurationIsVisible = 0;
			defaultConfigurationName = Release;
		};
		2819A0641E23745900719043 /* Build configuration list for PBXNativeTarget "DemoMVVM" */ = {
			isa = XCConfigurationList;
			buildConfigurations = (
				2819A0651E23745900719043 /* Debug */,
				2819A0661E23745900719043 /* Release */,
			);
			defaultConfigurationIsVisible = 0;
			defaultConfigurationName = Release;
		};
		28DC2D821E24A89F00848337 /* Build configuration list for PBXNativeTarget "BlogMVVM" */ = {
			isa = XCConfigurationList;
			buildConfigurations = (
				28DC2D831E24A89F00848337 /* Debug */,
				28DC2D841E24A89F00848337 /* Release */,
			);
			defaultConfigurationIsVisible = 0;
			defaultConfigurationName = Release;
		};
/* End XCConfigurationList section */
	};
	rootObject = 2819A0451E23745700719043 /* Project object */;
}
